
Microsoft Visual Studio Solution File, Format Version 12.00
# Visual Studio Version 17
VisualStudioVersion = 17.6.33829.357
MinimumVisualStudioVersion = 10.0.40219.1
Project("{FAE04EC0-301F-11D3-BF4B-00C04F79EFBC}") = "CityBuddy", "CityBuddy.csproj", "{1815EBDE-1FEC-4082-8306-CE21F610ACCC}"
EndProject
Global
	GlobalSection(SolutionConfigurationPlatforms) = preSolution
		Debug|Any CPU = Debug|Any CPU
		Release|Any CPU = Release|Any CPU
	EndGlobalSection
	GlobalSection(ProjectConfigurationPlatforms) = postSolution
		{1815EBDE-1FEC-4082-8306-CE21F610ACCC}.Debug|Any CPU.ActiveCfg = Debug|Any CPU
		{1815EBDE-1FEC-4082-8306-CE21F610ACCC}.Debug|Any CPU.Build.0 = Debug|Any CPU
		{1815EBDE-1FEC-4082-8306-CE21F610ACCC}.Release|Any CPU.ActiveCfg = Release|Any CPU
		{1815EBDE-1FEC-4082-8306-CE21F610ACCC}.Release|Any CPU.Build.0 = Release|Any CPU
	EndGlobalSection
	GlobalSection(SolutionProperties) = preSolution
		HideSolutionNode = FALSE
	EndGlobalSection
	GlobalSection(ExtensibilityGlobals) = postSolution
		SolutionGuid = {3AB303CB-6993-4F07-B84E-090E4F76BB06}
	EndGlobalSection
EndGlobal
