
Microsoft Visual Studio Solution File, Format Version 12.00
# Visual Studio Version 17
VisualStudioVersion = 17.4.33403.182
MinimumVisualStudioVersion = 10.0.40219.1
Project("{FAE04EC0-301F-11D3-BF4B-00C04F79EFBC}") = "DB2buddy", "DB2buddy.csproj", "{49AE0B31-913C-40E9-BC87-1224BF47C76C}"
EndProject
Global
	GlobalSection(SolutionConfigurationPlatforms) = preSolution
		Debug|Any CPU = Debug|Any CPU
		Release|Any CPU = Release|Any CPU
	EndGlobalSection
	GlobalSection(ProjectConfigurationPlatforms) = postSolution
		{49AE0B31-913C-40E9-BC87-1224BF47C76C}.Debug|Any CPU.ActiveCfg = Debug|Any CPU
		{49AE0B31-913C-40E9-BC87-1224BF47C76C}.Debug|Any CPU.Build.0 = Debug|Any CPU
		{49AE0B31-913C-40E9-BC87-1224BF47C76C}.Release|Any CPU.ActiveCfg = Release|Any CPU
		{49AE0B31-913C-40E9-BC87-1224BF47C76C}.Release|Any CPU.Build.0 = Release|Any CPU
	EndGlobalSection
	GlobalSection(SolutionProperties) = preSolution
		HideSolutionNode = FALSE
	EndGlobalSection
	GlobalSection(ExtensibilityGlobals) = postSolution
		SolutionGuid = {35D90DDE-731F-42F4-AF0C-88765EC9F9EB}
	EndGlobalSection
EndGlobal
